
Microsoft Visual Studio Solution File, Format Version 12.00
# Visual Studio Version 17
VisualStudioVersion = 17.8.34322.80
MinimumVisualStudioVersion = 10.0.40219.1
Project("{9A19103F-16F7-4668-BE54-9A1E7A4F7556}") = "TopScore", "TopScore\TopScore.csproj", "{FD1B1A7C-5552-454D-B0D1-5A8308BF94AF}"
EndProject
Global
	GlobalSection(SolutionConfigurationPlatforms) = preSolution
		Debug|Any CPU = Debug|Any CPU
		Release|Any CPU = Release|Any CPU
	EndGlobalSection
	GlobalSection(ProjectConfigurationPlatforms) = postSolution
		{FD1B1A7C-5552-454D-B0D1-5A8308BF94AF}.Debug|Any CPU.ActiveCfg = Debug|Any CPU
		{FD1B1A7C-5552-454D-B0D1-5A8308BF94AF}.Debug|Any CPU.Build.0 = Debug|Any CPU
		{FD1B1A7C-5552-454D-B0D1-5A8308BF94AF}.Release|Any CPU.ActiveCfg = Release|Any CPU
		{FD1B1A7C-5552-454D-B0D1-5A8308BF94AF}.Release|Any CPU.Build.0 = Release|Any CPU
	EndGlobalSection
	GlobalSection(SolutionProperties) = preSolution
		HideSolutionNode = FALSE
	EndGlobalSection
	GlobalSection(ExtensibilityGlobals) = postSolution
		SolutionGuid = {7617BABF-AF17-4A23-BB53-1055628725A3}
	EndGlobalSection
EndGlobal
